
Microsoft Visual Studio Solution File, Format Version 11.00
# Visual Studio 2010
Project("{FAE04EC0-301F-11D3-BF4B-00C04F79EFBC}") = "Assembly-CSharp", "Assembly-CSharp.csproj", "{4CDCFE34-7526-B48C-0F33-6DFB2AB5DB28}"
EndProject
Project("{FAE04EC0-301F-11D3-BF4B-00C04F79EFBC}") = "Assembly-CSharp-Editor", "Assembly-CSharp-Editor.csproj", "{3E4C55AF-E35D-2C02-9322-F3DE1F659693}"
EndProject
Global
	GlobalSection(SolutionConfigurationPlatforms) = preSolution
		Debug|Any CPU = Debug|Any CPU
		Release|Any CPU = Release|Any CPU
	EndGlobalSection
	GlobalSection(ProjectConfigurationPlatforms) = postSolution
		{4CDCFE34-7526-B48C-0F33-6DFB2AB5DB28}.Debug|Any CPU.ActiveCfg = Debug|Any CPU
		{4CDCFE34-7526-B48C-0F33-6DFB2AB5DB28}.Debug|Any CPU.Build.0 = Debug|Any CPU
		{4CDCFE34-7526-B48C-0F33-6DFB2AB5DB28}.Release|Any CPU.ActiveCfg = Release|Any CPU
		{4CDCFE34-7526-B48C-0F33-6DFB2AB5DB28}.Release|Any CPU.Build.0 = Release|Any CPU
		{3E4C55AF-E35D-2C02-9322-F3DE1F659693}.Debug|Any CPU.ActiveCfg = Debug|Any CPU
		{3E4C55AF-E35D-2C02-9322-F3DE1F659693}.Debug|Any CPU.Build.0 = Debug|Any CPU
		{3E4C55AF-E35D-2C02-9322-F3DE1F659693}.Release|Any CPU.ActiveCfg = Release|Any CPU
		{3E4C55AF-E35D-2C02-9322-F3DE1F659693}.Release|Any CPU.Build.0 = Release|Any CPU
	EndGlobalSection
	GlobalSection(SolutionProperties) = preSolution
		HideSolutionNode = FALSE
	EndGlobalSection
EndGlobal
